
Microsoft Visual Studio Solution File, Format Version 12.00
# Visual Studio Version 16
VisualStudioVersion = 16.0.31105.61
MinimumVisualStudioVersion = 10.0.40219.1
Project("{FAE04EC0-301F-11D3-BF4B-00C04F79EFBC}") = "wsei.lab7", "wsei.lab7\wsei.lab7.csproj", "{730C37CD-A6BD-45F5-A0CB-23043AC4351C}"
EndProject
Global
	GlobalSection(SolutionConfigurationPlatforms) = preSolution
		Debug|Any CPU = Debug|Any CPU
		Release|Any CPU = Release|Any CPU
	EndGlobalSection
	GlobalSection(ProjectConfigurationPlatforms) = postSolution
		{730C37CD-A6BD-45F5-A0CB-23043AC4351C}.Debug|Any CPU.ActiveCfg = Debug|Any CPU
		{730C37CD-A6BD-45F5-A0CB-23043AC4351C}.Debug|Any CPU.Build.0 = Debug|Any CPU
		{730C37CD-A6BD-45F5-A0CB-23043AC4351C}.Release|Any CPU.ActiveCfg = Release|Any CPU
		{730C37CD-A6BD-45F5-A0CB-23043AC4351C}.Release|Any CPU.Build.0 = Release|Any CPU
	EndGlobalSection
	GlobalSection(SolutionProperties) = preSolution
		HideSolutionNode = FALSE
	EndGlobalSection
	GlobalSection(ExtensibilityGlobals) = postSolution
		SolutionGuid = {7434E52C-5296-4D12-BE43-7D82A35BD026}
	EndGlobalSection
EndGlobal
